
Microsoft Visual Studio Solution File, Format Version 12.00
# Visual Studio Version 17
VisualStudioVersion = 17.1.32228.430
MinimumVisualStudioVersion = 10.0.40219.1
Project("{9A19103F-16F7-4668-BE54-9A1E7A4F7556}") = "PurchasingConsole", "HotelRealtaClient\PurchasingConsole.csproj", "{8A218F67-C8A6-41D1-B4BF-BF856D8E8A95}"
EndProject
Project("{778DAE3C-4631-46EA-AA77-85C1314464D9}") = "VBPurchasingDbLib", "VBPurchasingDbLib\VBPurchasingDbLib.vbproj", "{7A605E27-F966-47E7-B0CB-1049B3F6DD4A}"
EndProject
Global
	GlobalSection(SolutionConfigurationPlatforms) = preSolution
		Debug|Any CPU = Debug|Any CPU
		Release|Any CPU = Release|Any CPU
	EndGlobalSection
	GlobalSection(ProjectConfigurationPlatforms) = postSolution
		{8A218F67-C8A6-41D1-B4BF-BF856D8E8A95}.Debug|Any CPU.ActiveCfg = Debug|Any CPU
		{8A218F67-C8A6-41D1-B4BF-BF856D8E8A95}.Debug|Any CPU.Build.0 = Debug|Any CPU
		{8A218F67-C8A6-41D1-B4BF-BF856D8E8A95}.Release|Any CPU.ActiveCfg = Release|Any CPU
		{8A218F67-C8A6-41D1-B4BF-BF856D8E8A95}.Release|Any CPU.Build.0 = Release|Any CPU
		{7A605E27-F966-47E7-B0CB-1049B3F6DD4A}.Debug|Any CPU.ActiveCfg = Debug|Any CPU
		{7A605E27-F966-47E7-B0CB-1049B3F6DD4A}.Debug|Any CPU.Build.0 = Debug|Any CPU
		{7A605E27-F966-47E7-B0CB-1049B3F6DD4A}.Release|Any CPU.ActiveCfg = Release|Any CPU
		{7A605E27-F966-47E7-B0CB-1049B3F6DD4A}.Release|Any CPU.Build.0 = Release|Any CPU
	EndGlobalSection
	GlobalSection(SolutionProperties) = preSolution
		HideSolutionNode = FALSE
	EndGlobalSection
	GlobalSection(ExtensibilityGlobals) = postSolution
		SolutionGuid = {183966C4-3BC6-4785-94E3-073F51C78C28}
	EndGlobalSection
EndGlobal
